
Microsoft Visual Studio Solution File, Format Version 12.00
# Visual Studio Version 16
VisualStudioVersion = 16.0.30011.22
MinimumVisualStudioVersion = 10.0.40219.1
Project("{FAE04EC0-301F-11D3-BF4B-00C04F79EFBC}") = "TestWebApplication.API", "TestWebApplication.API\TestWebApplication.API.csproj", "{6F4B1414-00F5-41C8-B871-2276F0548B92}"
EndProject
Project("{FAE04EC0-301F-11D3-BF4B-00C04F79EFBC}") = "TestWebApplication.Core", "TestWebApplication.Core\TestWebApplication.Core.csproj", "{5A9E7BB0-FF9D-4214-885C-F4DC996A5106}"
EndProject
Project("{FAE04EC0-301F-11D3-BF4B-00C04F79EFBC}") = "TestWebApplication.Data", "TestWebApplication.Data\TestWebApplication.Data.csproj", "{72475510-03A6-4AA0-9A81-4C463E55B9C5}"
EndProject
Global
	GlobalSection(SolutionConfigurationPlatforms) = preSolution
		Debug|Any CPU = Debug|Any CPU
		Release|Any CPU = Release|Any CPU
	EndGlobalSection
	GlobalSection(ProjectConfigurationPlatforms) = postSolution
		{6F4B1414-00F5-41C8-B871-2276F0548B92}.Debug|Any CPU.ActiveCfg = Debug|Any CPU
		{6F4B1414-00F5-41C8-B871-2276F0548B92}.Debug|Any CPU.Build.0 = Debug|Any CPU
		{6F4B1414-00F5-41C8-B871-2276F0548B92}.Release|Any CPU.ActiveCfg = Release|Any CPU
		{6F4B1414-00F5-41C8-B871-2276F0548B92}.Release|Any CPU.Build.0 = Release|Any CPU
		{5A9E7BB0-FF9D-4214-885C-F4DC996A5106}.Debug|Any CPU.ActiveCfg = Debug|Any CPU
		{5A9E7BB0-FF9D-4214-885C-F4DC996A5106}.Debug|Any CPU.Build.0 = Debug|Any CPU
		{5A9E7BB0-FF9D-4214-885C-F4DC996A5106}.Release|Any CPU.ActiveCfg = Release|Any CPU
		{5A9E7BB0-FF9D-4214-885C-F4DC996A5106}.Release|Any CPU.Build.0 = Release|Any CPU
		{72475510-03A6-4AA0-9A81-4C463E55B9C5}.Debug|Any CPU.ActiveCfg = Debug|Any CPU
		{72475510-03A6-4AA0-9A81-4C463E55B9C5}.Debug|Any CPU.Build.0 = Debug|Any CPU
		{72475510-03A6-4AA0-9A81-4C463E55B9C5}.Release|Any CPU.ActiveCfg = Release|Any CPU
		{72475510-03A6-4AA0-9A81-4C463E55B9C5}.Release|Any CPU.Build.0 = Release|Any CPU
	EndGlobalSection
	GlobalSection(SolutionProperties) = preSolution
		HideSolutionNode = FALSE
	EndGlobalSection
	GlobalSection(ExtensibilityGlobals) = postSolution
		SolutionGuid = {BA9D549D-A1FF-4B93-9811-27FA17C13167}
	EndGlobalSection
EndGlobal
